
Microsoft Visual Studio Solution File, Format Version 12.00
# Visual Studio Version 17
VisualStudioVersion = 17.0.32112.339
MinimumVisualStudioVersion = 10.0.40219.1
Project("{9A19103F-16F7-4668-BE54-9A1E7A4F7556}") = "Vivet.AspNetCore.RequestTimeZone", "Vivet.AspNetCore.RequestTimeZone\Vivet.AspNetCore.RequestTimeZone.csproj", "{1CAF11C3-A785-48CC-9EFD-225E9C95D008}"
EndProject
Project("{2150E333-8FDC-42A3-9474-1A3956D46DE8}") = ".solution", ".solution", "{E5F70562-CA4B-4A14-AEA1-4B71BA6E50B7}"
	ProjectSection(SolutionItems) = preProject
		.gitignore = .gitignore
		LICENSE = LICENSE
		README.md = README.md
	EndProjectSection
EndProject
Project("{9A19103F-16F7-4668-BE54-9A1E7A4F7556}") = "Vivet.AspNetCore.RequestVirusScan", "Vivet.AspNetCore.RequestVirusScan\Vivet.AspNetCore.RequestVirusScan.csproj", "{41970931-E9F1-42C8-B730-E0C9B7BC7DA6}"
EndProject
Project("{2150E333-8FDC-42A3-9474-1A3956D46DE8}") = ".github", ".github", "{02EA681E-C7D8-13C7-8484-4AC65E1B71E8}"
EndProject
Project("{2150E333-8FDC-42A3-9474-1A3956D46DE8}") = "workflows", "workflows", "{BBC03F9E-830E-4A1D-9CB7-E921A59074A2}"
	ProjectSection(SolutionItems) = preProject
		.github\workflows\build-and-deploy.yml = .github\workflows\build-and-deploy.yml
	EndProjectSection
EndProject
Project("{2150E333-8FDC-42A3-9474-1A3956D46DE8}") = ".tests", ".tests", "{56CFE723-7CC6-448C-BC35-6CA8797BD0CD}"
EndProject
Project("{FAE04EC0-301F-11D3-BF4B-00C04F79EFBC}") = "Tests.Vivet.AspNetCore", ".tests\Tests.Vivet.AspNetCore\Tests.Vivet.AspNetCore.csproj", "{0A82AF1A-5C95-DDB8-C926-86A95A66EA60}"
EndProject
Global
	GlobalSection(SolutionConfigurationPlatforms) = preSolution
		Debug|Any CPU = Debug|Any CPU
		Release|Any CPU = Release|Any CPU
	EndGlobalSection
	GlobalSection(ProjectConfigurationPlatforms) = postSolution
		{1CAF11C3-A785-48CC-9EFD-225E9C95D008}.Debug|Any CPU.ActiveCfg = Debug|Any CPU
		{1CAF11C3-A785-48CC-9EFD-225E9C95D008}.Debug|Any CPU.Build.0 = Debug|Any CPU
		{1CAF11C3-A785-48CC-9EFD-225E9C95D008}.Release|Any CPU.ActiveCfg = Release|Any CPU
		{1CAF11C3-A785-48CC-9EFD-225E9C95D008}.Release|Any CPU.Build.0 = Release|Any CPU
		{41970931-E9F1-42C8-B730-E0C9B7BC7DA6}.Debug|Any CPU.ActiveCfg = Debug|Any CPU
		{41970931-E9F1-42C8-B730-E0C9B7BC7DA6}.Debug|Any CPU.Build.0 = Debug|Any CPU
		{41970931-E9F1-42C8-B730-E0C9B7BC7DA6}.Release|Any CPU.ActiveCfg = Release|Any CPU
		{41970931-E9F1-42C8-B730-E0C9B7BC7DA6}.Release|Any CPU.Build.0 = Release|Any CPU
		{0A82AF1A-5C95-DDB8-C926-86A95A66EA60}.Debug|Any CPU.ActiveCfg = Debug|Any CPU
		{0A82AF1A-5C95-DDB8-C926-86A95A66EA60}.Debug|Any CPU.Build.0 = Debug|Any CPU
		{0A82AF1A-5C95-DDB8-C926-86A95A66EA60}.Release|Any CPU.ActiveCfg = Release|Any CPU
		{0A82AF1A-5C95-DDB8-C926-86A95A66EA60}.Release|Any CPU.Build.0 = Release|Any CPU
	EndGlobalSection
	GlobalSection(SolutionProperties) = preSolution
		HideSolutionNode = FALSE
	EndGlobalSection
	GlobalSection(NestedProjects) = preSolution
		{BBC03F9E-830E-4A1D-9CB7-E921A59074A2} = {02EA681E-C7D8-13C7-8484-4AC65E1B71E8}
		{0A82AF1A-5C95-DDB8-C926-86A95A66EA60} = {56CFE723-7CC6-448C-BC35-6CA8797BD0CD}
	EndGlobalSection
	GlobalSection(ExtensibilityGlobals) = postSolution
		SolutionGuid = {AB1D1FCF-9762-42C7-83E2-A528622DF20D}
	EndGlobalSection
EndGlobal
